// !$*UTF8*$!
{
	archiveVersion = 1;
	classes = {
	};
	objectVersion = 46;
	objects = {

/* Begin PBXGroup section */
		FFB9DBF51AF9BD3700172186 = {
			isa = PBXGroup;
			children = (
			);
			sourceTree = "<group>";
		};
/* End PBXGroup section */

/* Begin PBXProject section */
		FFB9DBF61AF9BD3700172186 /* Project object */ = {
			isa = PBXProject;
			attributes = {
				LastUpgradeCheck = 0510;
			};
			buildConfigurationList = FFB9DBF91AF9BD3700172186 /* Build configuration list for PBXProject "packman" */;
			compatibilityVersion = "Xcode 3.2";
			developmentRegion = English;
			hasScannedForEncodings = 0;
			knownRegions = (
				en,
			);
			mainGroup = FFB9DBF51AF9BD3700172186;
			projectDirPath = "";
			projectRoot = "";
			targets = (
			);
		};
/* End PBXProject section */

/* Begin XCBuildConfiguration section */
		FFB9DBFA1AF9BD3700172186 /* Debug */ = {
			isa = XCBuildConfiguration;
			buildSettings = {
			};
			name = Debug;
		};
		FFB9DBFB1AF9BD3700172186 /* Release */ = {
			isa = XCBuildConfiguration;
			buildSettings = {
			};
			name = Release;
		};
/* End XCBuildConfiguration section */

/* Begin XCConfigurationList section */
		FFB9DBF91AF9BD3700172186 /* Build configuration list for PBXProject "packman" */ = {
			isa = XCConfigurationList;
			buildConfigurations = (
				FFB9DBFA1AF9BD3700172186 /* Debug */,
				FFB9DBFB1AF9BD3700172186 /* Release */,
			);
			defaultConfigurationIsVisible = 0;
			defaultConfigurationName = Release;
		};
/* End XCConfigurationList section */
	};
	rootObject = FFB9DBF61AF9BD3700172186 /* Project object */;
}
